
Microsoft Visual Studio Solution File, Format Version 12.00
# Visual Studio 14
VisualStudioVersion = 14.0.24720.0
MinimumVisualStudioVersion = 10.0.40219.1
Project("{FAE04EC0-301F-11D3-BF4B-00C04F79EFBC}") = "Space", "Space\Space.csproj", "{8D13E76C-087A-43E9-B148-DB66BDE0E7DF}"
EndProject
Project("{FAE04EC0-301F-11D3-BF4B-00C04F79EFBC}") = "SpaceClient", "SpaceClient\SpaceClient.csproj", "{DAE19772-D6EF-4493-874E-12010A1A59E4}"
EndProject
Global
	GlobalSection(SolutionConfigurationPlatforms) = preSolution
		Debug|Any CPU = Debug|Any CPU
		Release|Any CPU = Release|Any CPU
	EndGlobalSection
	GlobalSection(ProjectConfigurationPlatforms) = postSolution
		{8D13E76C-087A-43E9-B148-DB66BDE0E7DF}.Debug|Any CPU.ActiveCfg = Debug|Any CPU
		{8D13E76C-087A-43E9-B148-DB66BDE0E7DF}.Debug|Any CPU.Build.0 = Debug|Any CPU
		{8D13E76C-087A-43E9-B148-DB66BDE0E7DF}.Release|Any CPU.ActiveCfg = Release|Any CPU
		{8D13E76C-087A-43E9-B148-DB66BDE0E7DF}.Release|Any CPU.Build.0 = Release|Any CPU
		{DAE19772-D6EF-4493-874E-12010A1A59E4}.Debug|Any CPU.ActiveCfg = Debug|Any CPU
		{DAE19772-D6EF-4493-874E-12010A1A59E4}.Debug|Any CPU.Build.0 = Debug|Any CPU
		{DAE19772-D6EF-4493-874E-12010A1A59E4}.Release|Any CPU.ActiveCfg = Release|Any CPU
		{DAE19772-D6EF-4493-874E-12010A1A59E4}.Release|Any CPU.Build.0 = Release|Any CPU
	EndGlobalSection
	GlobalSection(SolutionProperties) = preSolution
		HideSolutionNode = FALSE
	EndGlobalSection
EndGlobal
